Microsoft Visual Studio Solution File, Format Version 10.00
# Visual C++ Express 2008
Project("{8BC9CEB8-8B4A-11D0-8D11-00A0C91BC942}") = "rat", "rat.vcproj", "{A32C5719-6BAA-4429-AC7E-C4AEAE41D75B}"
	ProjectSection(ProjectDependencies) = postProject
		{9EC5870B-D5DF-43F6-B16E-0D7530996AB8} = {9EC5870B-D5DF-43F6-B16E-0D7530996AB8}
		{1516F94B-BCB2-4E94-ADC7-2923BD1E7604} = {1516F94B-BCB2-4E94-ADC7-2923BD1E7604}
		{F94A1268-1CDA-464F-AD75-636A1F1A629C} = {F94A1268-1CDA-464F-AD75-636A1F1A629C}
		{F200EA6E-B37E-41E7-A6E6-5892C0609053} = {F200EA6E-B37E-41E7-A6E6-5892C0609053}
		{51E197A0-63FD-4B12-90C9-5B0AFCDD7557} = {51E197A0-63FD-4B12-90C9-5B0AFCDD7557}
		{7E6BF7A3-34A0-4804-B0B9-44B9430FBFC0} = {7E6BF7A3-34A0-4804-B0B9-44B9430FBFC0}
		{DF70BBCB-0B11-455C-94D2-944A8A9E779B} = {DF70BBCB-0B11-455C-94D2-944A8A9E779B}
		{16E547D7-73D1-4413-92EC-3694D55CE09B} = {16E547D7-73D1-4413-92EC-3694D55CE09B}
		{0C9E81ED-3BC7-4E37-A1A8-CE74B1C64064} = {0C9E81ED-3BC7-4E37-A1A8-CE74B1C64064}
	EndProjectSection
EndProject
Project("{8BC9CEB8-8B4A-11D0-8D11-00A0C91BC942}") = "ratmedia", "ratmedia.vcproj", "{16E547D7-73D1-4413-92EC-3694D55CE09B}"
	ProjectSection(ProjectDependencies) = postProject
		{F94A1268-1CDA-464F-AD75-636A1F1A629C} = {F94A1268-1CDA-464F-AD75-636A1F1A629C}
		{F200EA6E-B37E-41E7-A6E6-5892C0609053} = {F200EA6E-B37E-41E7-A6E6-5892C0609053}
		{7E6BF7A3-34A0-4804-B0B9-44B9430FBFC0} = {7E6BF7A3-34A0-4804-B0B9-44B9430FBFC0}
		{DF70BBCB-0B11-455C-94D2-944A8A9E779B} = {DF70BBCB-0B11-455C-94D2-944A8A9E779B}
	EndProjectSection
EndProject
Project("{8BC9CEB8-8B4A-11D0-8D11-00A0C91BC942}") = "ratui", "ratui.vcproj", "{51E197A0-63FD-4B12-90C9-5B0AFCDD7557}"
	ProjectSection(ProjectDependencies) = postProject
		{9EC5870B-D5DF-43F6-B16E-0D7530996AB8} = {9EC5870B-D5DF-43F6-B16E-0D7530996AB8}
		{1516F94B-BCB2-4E94-ADC7-2923BD1E7604} = {1516F94B-BCB2-4E94-ADC7-2923BD1E7604}
		{F200EA6E-B37E-41E7-A6E6-5892C0609053} = {F200EA6E-B37E-41E7-A6E6-5892C0609053}
		{0C9E81ED-3BC7-4E37-A1A8-CE74B1C64064} = {0C9E81ED-3BC7-4E37-A1A8-CE74B1C64064}
	EndProjectSection
EndProject
Project("{8BC9CEB8-8B4A-11D0-8D11-00A0C91BC942}") = "tcl2c", "..\tcl-8.0\win\tcl2c\tcl2c.vcproj", "{0C9E81ED-3BC7-4E37-A1A8-CE74B1C64064}"
EndProject
Project("{8BC9CEB8-8B4A-11D0-8D11-00A0C91BC942}") = "tcllib", "..\tcl-8.0\win\tcllib.vcproj", "{1516F94B-BCB2-4E94-ADC7-2923BD1E7604}"
	ProjectSection(ProjectDependencies) = postProject
		{0C9E81ED-3BC7-4E37-A1A8-CE74B1C64064} = {0C9E81ED-3BC7-4E37-A1A8-CE74B1C64064}
	EndProjectSection
EndProject
Project("{8BC9CEB8-8B4A-11D0-8D11-00A0C91BC942}") = "testcommon", "..\common\tests\testcommon.vcproj", "{19578F96-219F-4FBC-93AD-27D79C67D239}"
EndProject
Project("{8BC9CEB8-8B4A-11D0-8D11-00A0C91BC942}") = "tklib", "..\tk-8.0\win\tklib.vcproj", "{9EC5870B-D5DF-43F6-B16E-0D7530996AB8}"
	ProjectSection(ProjectDependencies) = postProject
		{1516F94B-BCB2-4E94-ADC7-2923BD1E7604} = {1516F94B-BCB2-4E94-ADC7-2923BD1E7604}
		{0C9E81ED-3BC7-4E37-A1A8-CE74B1C64064} = {0C9E81ED-3BC7-4E37-A1A8-CE74B1C64064}
	EndProjectSection
EndProject
Project("{8BC9CEB8-8B4A-11D0-8D11-00A0C91BC942}") = "uclaudio", "uclaudio.vcproj", "{7E6BF7A3-34A0-4804-B0B9-44B9430FBFC0}"
EndProject
Project("{8BC9CEB8-8B4A-11D0-8D11-00A0C91BC942}") = "uclcodec", "uclcodec.vcproj", "{DF70BBCB-0B11-455C-94D2-944A8A9E779B}"
EndProject
Project("{8BC9CEB8-8B4A-11D0-8D11-00A0C91BC942}") = "uclsndfile", "uclsndfile.vcproj", "{F94A1268-1CDA-464F-AD75-636A1F1A629C}"
EndProject
Project("{8BC9CEB8-8B4A-11D0-8D11-00A0C91BC942}") = "common", "..\common\src\common.2003.vcproj", "{F200EA6E-B37E-41E7-A6E6-5892C0609053}"
EndProject
Global
	GlobalSection(SolutionConfigurationPlatforms) = preSolution
		DDraw Debug GPL tcltk84|Win32 = DDraw Debug GPL tcltk84|Win32
		DDraw Debug tcltk84|Win32 = DDraw Debug tcltk84|Win32
		DDraw Relase GPL tcltk84|Win32 = DDraw Relase GPL tcltk84|Win32
		DDraw Release tcltk84|Win32 = DDraw Release tcltk84|Win32
		Debug IPv6 MSR|Win32 = Debug IPv6 MSR|Win32
		Debug IPv6 Musica|Win32 = Debug IPv6 Musica|Win32
		Debug IPv6 Win2000|Win32 = Debug IPv6 Win2000|Win32
		Debug IPv6|Win32 = Debug IPv6|Win32
		Debug|Win32 = Debug|Win32
		Release IPv6 Win2000|Win32 = Release IPv6 Win2000|Win32
		Release IPv6 XP|Win32 = Release IPv6 XP|Win32
		Release|Win32 = Release|Win32
	EndGlobalSection
	GlobalSection(ProjectConfigurationPlatforms) = postSolution
		{A32C5719-6BAA-4429-AC7E-C4AEAE41D75B}.DDraw Debug GPL tcltk84|Win32.ActiveCfg = Debug|Win32
		{A32C5719-6BAA-4429-AC7E-C4AEAE41D75B}.DDraw Debug GPL tcltk84|Win32.Build.0 = Debug|Win32
		{A32C5719-6BAA-4429-AC7E-C4AEAE41D75B}.DDraw Debug tcltk84|Win32.ActiveCfg = Debug|Win32
		{A32C5719-6BAA-4429-AC7E-C4AEAE41D75B}.DDraw Debug tcltk84|Win32.Build.0 = Debug|Win32
		{A32C5719-6BAA-4429-AC7E-C4AEAE41D75B}.DDraw Relase GPL tcltk84|Win32.ActiveCfg = Debug|Win32
		{A32C5719-6BAA-4429-AC7E-C4AEAE41D75B}.DDraw Relase GPL tcltk84|Win32.Build.0 = Debug|Win32
		{A32C5719-6BAA-4429-AC7E-C4AEAE41D75B}.DDraw Release tcltk84|Win32.ActiveCfg = Release|Win32
		{A32C5719-6BAA-4429-AC7E-C4AEAE41D75B}.DDraw Release tcltk84|Win32.Build.0 = Release|Win32
		{A32C5719-6BAA-4429-AC7E-C4AEAE41D75B}.Debug IPv6 MSR|Win32.ActiveCfg = Debug IPv6 MSR|Win32
		{A32C5719-6BAA-4429-AC7E-C4AEAE41D75B}.Debug IPv6 MSR|Win32.Build.0 = Debug IPv6 MSR|Win32
		{A32C5719-6BAA-4429-AC7E-C4AEAE41D75B}.Debug IPv6 Musica|Win32.ActiveCfg = Debug IPv6 Musica|Win32
		{A32C5719-6BAA-4429-AC7E-C4AEAE41D75B}.Debug IPv6 Musica|Win32.Build.0 = Debug IPv6 Musica|Win32
		{A32C5719-6BAA-4429-AC7E-C4AEAE41D75B}.Debug IPv6 Win2000|Win32.ActiveCfg = Debug IPv6 Win2000|Win32
		{A32C5719-6BAA-4429-AC7E-C4AEAE41D75B}.Debug IPv6 Win2000|Win32.Build.0 = Debug IPv6 Win2000|Win32
		{A32C5719-6BAA-4429-AC7E-C4AEAE41D75B}.Debug IPv6|Win32.ActiveCfg = Debug IPv6 Musica|Win32
		{A32C5719-6BAA-4429-AC7E-C4AEAE41D75B}.Debug IPv6|Win32.Build.0 = Debug IPv6 Musica|Win32
		{A32C5719-6BAA-4429-AC7E-C4AEAE41D75B}.Debug|Win32.ActiveCfg = Debug|Win32
		{A32C5719-6BAA-4429-AC7E-C4AEAE41D75B}.Debug|Win32.Build.0 = Debug|Win32
		{A32C5719-6BAA-4429-AC7E-C4AEAE41D75B}.Release IPv6 Win2000|Win32.ActiveCfg = Release|Win32
		{A32C5719-6BAA-4429-AC7E-C4AEAE41D75B}.Release IPv6 Win2000|Win32.Build.0 = Release|Win32
		{A32C5719-6BAA-4429-AC7E-C4AEAE41D75B}.Release IPv6 XP|Win32.ActiveCfg = Release|Win32
		{A32C5719-6BAA-4429-AC7E-C4AEAE41D75B}.Release IPv6 XP|Win32.Build.0 = Release|Win32
		{A32C5719-6BAA-4429-AC7E-C4AEAE41D75B}.Release|Win32.ActiveCfg = Release|Win32
		{A32C5719-6BAA-4429-AC7E-C4AEAE41D75B}.Release|Win32.Build.0 = Release|Win32
		{16E547D7-73D1-4413-92EC-3694D55CE09B}.DDraw Debug GPL tcltk84|Win32.ActiveCfg = Debug|Win32
		{16E547D7-73D1-4413-92EC-3694D55CE09B}.DDraw Debug GPL tcltk84|Win32.Build.0 = Debug|Win32
		{16E547D7-73D1-4413-92EC-3694D55CE09B}.DDraw Debug tcltk84|Win32.ActiveCfg = Debug|Win32
		{16E547D7-73D1-4413-92EC-3694D55CE09B}.DDraw Debug tcltk84|Win32.Build.0 = Debug|Win32
		{16E547D7-73D1-4413-92EC-3694D55CE09B}.DDraw Relase GPL tcltk84|Win32.ActiveCfg = Debug|Win32
		{16E547D7-73D1-4413-92EC-3694D55CE09B}.DDraw Relase GPL tcltk84|Win32.Build.0 = Debug|Win32
		{16E547D7-73D1-4413-92EC-3694D55CE09B}.DDraw Release tcltk84|Win32.ActiveCfg = Release|Win32
		{16E547D7-73D1-4413-92EC-3694D55CE09B}.DDraw Release tcltk84|Win32.Build.0 = Release|Win32
		{16E547D7-73D1-4413-92EC-3694D55CE09B}.Debug IPv6 MSR|Win32.ActiveCfg = Debug Ipv6 MSR|Win32
		{16E547D7-73D1-4413-92EC-3694D55CE09B}.Debug IPv6 MSR|Win32.Build.0 = Debug Ipv6 MSR|Win32
		{16E547D7-73D1-4413-92EC-3694D55CE09B}.Debug IPv6 Musica|Win32.ActiveCfg = Debug Ipv6 Musica|Win32
		{16E547D7-73D1-4413-92EC-3694D55CE09B}.Debug IPv6 Musica|Win32.Build.0 = Debug Ipv6 Musica|Win32
		{16E547D7-73D1-4413-92EC-3694D55CE09B}.Debug IPv6 Win2000|Win32.ActiveCfg = Debug Ipv6 Win2000|Win32
		{16E547D7-73D1-4413-92EC-3694D55CE09B}.Debug IPv6 Win2000|Win32.Build.0 = Debug Ipv6 Win2000|Win32
		{16E547D7-73D1-4413-92EC-3694D55CE09B}.Debug IPv6|Win32.ActiveCfg = Debug Ipv6 Musica|Win32
		{16E547D7-73D1-4413-92EC-3694D55CE09B}.Debug IPv6|Win32.Build.0 = Debug Ipv6 Musica|Win32
		{16E547D7-73D1-4413-92EC-3694D55CE09B}.Debug|Win32.ActiveCfg = Debug|Win32
		{16E547D7-73D1-4413-92EC-3694D55CE09B}.Debug|Win32.Build.0 = Debug|Win32
		{16E547D7-73D1-4413-92EC-3694D55CE09B}.Release IPv6 Win2000|Win32.ActiveCfg = Release|Win32
		{16E547D7-73D1-4413-92EC-3694D55CE09B}.Release IPv6 Win2000|Win32.Build.0 = Release|Win32
		{16E547D7-73D1-4413-92EC-3694D55CE09B}.Release IPv6 XP|Win32.ActiveCfg = Release|Win32
		{16E547D7-73D1-4413-92EC-3694D55CE09B}.Release IPv6 XP|Win32.Build.0 = Release|Win32
		{16E547D7-73D1-4413-92EC-3694D55CE09B}.Release|Win32.ActiveCfg = Release|Win32
		{16E547D7-73D1-4413-92EC-3694D55CE09B}.Release|Win32.Build.0 = Release|Win32
		{51E197A0-63FD-4B12-90C9-5B0AFCDD7557}.DDraw Debug GPL tcltk84|Win32.ActiveCfg = Debug|Win32
		{51E197A0-63FD-4B12-90C9-5B0AFCDD7557}.DDraw Debug GPL tcltk84|Win32.Build.0 = Debug|Win32
		{51E197A0-63FD-4B12-90C9-5B0AFCDD7557}.DDraw Debug tcltk84|Win32.ActiveCfg = Debug|Win32
		{51E197A0-63FD-4B12-90C9-5B0AFCDD7557}.DDraw Debug tcltk84|Win32.Build.0 = Debug|Win32
		{51E197A0-63FD-4B12-90C9-5B0AFCDD7557}.DDraw Relase GPL tcltk84|Win32.ActiveCfg = Debug IPv6 MSR|Win32
		{51E197A0-63FD-4B12-90C9-5B0AFCDD7557}.DDraw Relase GPL tcltk84|Win32.Build.0 = Debug IPv6 MSR|Win32
		{51E197A0-63FD-4B12-90C9-5B0AFCDD7557}.DDraw Release tcltk84|Win32.ActiveCfg = Release|Win32
		{51E197A0-63FD-4B12-90C9-5B0AFCDD7557}.DDraw Release tcltk84|Win32.Build.0 = Release|Win32
		{51E197A0-63FD-4B12-90C9-5B0AFCDD7557}.Debug IPv6 MSR|Win32.ActiveCfg = Debug IPv6 MSR|Win32
		{51E197A0-63FD-4B12-90C9-5B0AFCDD7557}.Debug IPv6 MSR|Win32.Build.0 = Debug IPv6 MSR|Win32
		{51E197A0-63FD-4B12-90C9-5B0AFCDD7557}.Debug IPv6 Musica|Win32.ActiveCfg = Debug IPv6 Musica|Win32
		{51E197A0-63FD-4B12-90C9-5B0AFCDD7557}.Debug IPv6 Musica|Win32.Build.0 = Debug IPv6 Musica|Win32
		{51E197A0-63FD-4B12-90C9-5B0AFCDD7557}.Debug IPv6 Win2000|Win32.ActiveCfg = Debug IPv6 Win2000|Win32
		{51E197A0-63FD-4B12-90C9-5B0AFCDD7557}.Debug IPv6 Win2000|Win32.Build.0 = Debug IPv6 Win2000|Win32
		{51E197A0-63FD-4B12-90C9-5B0AFCDD7557}.Debug IPv6|Win32.ActiveCfg = Debug IPv6 MSR|Win32
		{51E197A0-63FD-4B12-90C9-5B0AFCDD7557}.Debug IPv6|Win32.Build.0 = Debug IPv6 MSR|Win32
		{51E197A0-63FD-4B12-90C9-5B0AFCDD7557}.Debug|Win32.ActiveCfg = Debug|Win32
		{51E197A0-63FD-4B12-90C9-5B0AFCDD7557}.Debug|Win32.Build.0 = Debug|Win32
		{51E197A0-63FD-4B12-90C9-5B0AFCDD7557}.Release IPv6 Win2000|Win32.ActiveCfg = Release|Win32
		{51E197A0-63FD-4B12-90C9-5B0AFCDD7557}.Release IPv6 Win2000|Win32.Build.0 = Release|Win32
		{51E197A0-63FD-4B12-90C9-5B0AFCDD7557}.Release IPv6 XP|Win32.ActiveCfg = Release|Win32
		{51E197A0-63FD-4B12-90C9-5B0AFCDD7557}.Release IPv6 XP|Win32.Build.0 = Release|Win32
		{51E197A0-63FD-4B12-90C9-5B0AFCDD7557}.Release|Win32.ActiveCfg = Release|Win32
		{51E197A0-63FD-4B12-90C9-5B0AFCDD7557}.Release|Win32.Build.0 = Release|Win32
		{0C9E81ED-3BC7-4E37-A1A8-CE74B1C64064}.DDraw Debug GPL tcltk84|Win32.ActiveCfg = Debug|Win32
		{0C9E81ED-3BC7-4E37-A1A8-CE74B1C64064}.DDraw Debug GPL tcltk84|Win32.Build.0 = Debug|Win32
		{0C9E81ED-3BC7-4E37-A1A8-CE74B1C64064}.DDraw Debug tcltk84|Win32.ActiveCfg = Debug|Win32
		{0C9E81ED-3BC7-4E37-A1A8-CE74B1C64064}.DDraw Debug tcltk84|Win32.Build.0 = Debug|Win32
		{0C9E81ED-3BC7-4E37-A1A8-CE74B1C64064}.DDraw Relase GPL tcltk84|Win32.ActiveCfg = Debug|Win32
		{0C9E81ED-3BC7-4E37-A1A8-CE74B1C64064}.DDraw Relase GPL tcltk84|Win32.Build.0 = Debug|Win32
		{0C9E81ED-3BC7-4E37-A1A8-CE74B1C64064}.DDraw Release tcltk84|Win32.ActiveCfg = Release|Win32
		{0C9E81ED-3BC7-4E37-A1A8-CE74B1C64064}.DDraw Release tcltk84|Win32.Build.0 = Release|Win32
		{0C9E81ED-3BC7-4E37-A1A8-CE74B1C64064}.Debug IPv6 MSR|Win32.ActiveCfg = Debug|Win32
		{0C9E81ED-3BC7-4E37-A1A8-CE74B1C64064}.Debug IPv6 MSR|Win32.Build.0 = Debug|Win32
		{0C9E81ED-3BC7-4E37-A1A8-CE74B1C64064}.Debug IPv6 Musica|Win32.ActiveCfg = Debug|Win32
		{0C9E81ED-3BC7-4E37-A1A8-CE74B1C64064}.Debug IPv6 Musica|Win32.Build.0 = Debug|Win32
		{0C9E81ED-3BC7-4E37-A1A8-CE74B1C64064}.Debug IPv6 Win2000|Win32.ActiveCfg = Debug|Win32
		{0C9E81ED-3BC7-4E37-A1A8-CE74B1C64064}.Debug IPv6 Win2000|Win32.Build.0 = Debug|Win32
		{0C9E81ED-3BC7-4E37-A1A8-CE74B1C64064}.Debug IPv6|Win32.ActiveCfg = Debug|Win32
		{0C9E81ED-3BC7-4E37-A1A8-CE74B1C64064}.Debug IPv6|Win32.Build.0 = Debug|Win32
		{0C9E81ED-3BC7-4E37-A1A8-CE74B1C64064}.Debug|Win32.ActiveCfg = Debug|Win32
		{0C9E81ED-3BC7-4E37-A1A8-CE74B1C64064}.Debug|Win32.Build.0 = Debug|Win32
		{0C9E81ED-3BC7-4E37-A1A8-CE74B1C64064}.Release IPv6 Win2000|Win32.ActiveCfg = Release|Win32
		{0C9E81ED-3BC7-4E37-A1A8-CE74B1C64064}.Release IPv6 Win2000|Win32.Build.0 = Release|Win32
		{0C9E81ED-3BC7-4E37-A1A8-CE74B1C64064}.Release IPv6 XP|Win32.ActiveCfg = Release|Win32
		{0C9E81ED-3BC7-4E37-A1A8-CE74B1C64064}.Release IPv6 XP|Win32.Build.0 = Release|Win32
		{0C9E81ED-3BC7-4E37-A1A8-CE74B1C64064}.Release|Win32.ActiveCfg = Release|Win32
		{0C9E81ED-3BC7-4E37-A1A8-CE74B1C64064}.Release|Win32.Build.0 = Release|Win32
		{1516F94B-BCB2-4E94-ADC7-2923BD1E7604}.DDraw Debug GPL tcltk84|Win32.ActiveCfg = Debug|Win32
		{1516F94B-BCB2-4E94-ADC7-2923BD1E7604}.DDraw Debug GPL tcltk84|Win32.Build.0 = Debug|Win32
		{1516F94B-BCB2-4E94-ADC7-2923BD1E7604}.DDraw Debug tcltk84|Win32.ActiveCfg = Debug|Win32
		{1516F94B-BCB2-4E94-ADC7-2923BD1E7604}.DDraw Debug tcltk84|Win32.Build.0 = Debug|Win32
		{1516F94B-BCB2-4E94-ADC7-2923BD1E7604}.DDraw Relase GPL tcltk84|Win32.ActiveCfg = Debug|Win32
		{1516F94B-BCB2-4E94-ADC7-2923BD1E7604}.DDraw Relase GPL tcltk84|Win32.Build.0 = Debug|Win32
		{1516F94B-BCB2-4E94-ADC7-2923BD1E7604}.DDraw Release tcltk84|Win32.ActiveCfg = Release|Win32
		{1516F94B-BCB2-4E94-ADC7-2923BD1E7604}.DDraw Release tcltk84|Win32.Build.0 = Release|Win32
		{1516F94B-BCB2-4E94-ADC7-2923BD1E7604}.Debug IPv6 MSR|Win32.ActiveCfg = Debug IPv6|Win32
		{1516F94B-BCB2-4E94-ADC7-2923BD1E7604}.Debug IPv6 MSR|Win32.Build.0 = Debug IPv6|Win32
		{1516F94B-BCB2-4E94-ADC7-2923BD1E7604}.Debug IPv6 Musica|Win32.ActiveCfg = Debug IPv6|Win32
		{1516F94B-BCB2-4E94-ADC7-2923BD1E7604}.Debug IPv6 Musica|Win32.Build.0 = Debug IPv6|Win32
		{1516F94B-BCB2-4E94-ADC7-2923BD1E7604}.Debug IPv6 Win2000|Win32.ActiveCfg = Debug IPv6|Win32
		{1516F94B-BCB2-4E94-ADC7-2923BD1E7604}.Debug IPv6 Win2000|Win32.Build.0 = Debug IPv6|Win32
		{1516F94B-BCB2-4E94-ADC7-2923BD1E7604}.Debug IPv6|Win32.ActiveCfg = Debug IPv6|Win32
		{1516F94B-BCB2-4E94-ADC7-2923BD1E7604}.Debug IPv6|Win32.Build.0 = Debug IPv6|Win32
		{1516F94B-BCB2-4E94-ADC7-2923BD1E7604}.Debug|Win32.ActiveCfg = Debug|Win32
		{1516F94B-BCB2-4E94-ADC7-2923BD1E7604}.Debug|Win32.Build.0 = Debug|Win32
		{1516F94B-BCB2-4E94-ADC7-2923BD1E7604}.Release IPv6 Win2000|Win32.ActiveCfg = Release|Win32
		{1516F94B-BCB2-4E94-ADC7-2923BD1E7604}.Release IPv6 Win2000|Win32.Build.0 = Release|Win32
		{1516F94B-BCB2-4E94-ADC7-2923BD1E7604}.Release IPv6 XP|Win32.ActiveCfg = Release|Win32
		{1516F94B-BCB2-4E94-ADC7-2923BD1E7604}.Release IPv6 XP|Win32.Build.0 = Release|Win32
		{1516F94B-BCB2-4E94-ADC7-2923BD1E7604}.Release|Win32.ActiveCfg = Release|Win32
		{1516F94B-BCB2-4E94-ADC7-2923BD1E7604}.Release|Win32.Build.0 = Release|Win32
		{19578F96-219F-4FBC-93AD-27D79C67D239}.DDraw Debug GPL tcltk84|Win32.ActiveCfg = Debug|Win32
		{19578F96-219F-4FBC-93AD-27D79C67D239}.DDraw Debug GPL tcltk84|Win32.Build.0 = Debug|Win32
		{19578F96-219F-4FBC-93AD-27D79C67D239}.DDraw Debug tcltk84|Win32.ActiveCfg = Debug|Win32
		{19578F96-219F-4FBC-93AD-27D79C67D239}.DDraw Debug tcltk84|Win32.Build.0 = Debug|Win32
		{19578F96-219F-4FBC-93AD-27D79C67D239}.DDraw Relase GPL tcltk84|Win32.ActiveCfg = Debug|Win32
		{19578F96-219F-4FBC-93AD-27D79C67D239}.DDraw Relase GPL tcltk84|Win32.Build.0 = Debug|Win32
		{19578F96-219F-4FBC-93AD-27D79C67D239}.DDraw Release tcltk84|Win32.ActiveCfg = Release|Win32
		{19578F96-219F-4FBC-93AD-27D79C67D239}.DDraw Release tcltk84|Win32.Build.0 = Release|Win32
		{19578F96-219F-4FBC-93AD-27D79C67D239}.Debug IPv6 MSR|Win32.ActiveCfg = Debug IPv6|Win32
		{19578F96-219F-4FBC-93AD-27D79C67D239}.Debug IPv6 Musica|Win32.ActiveCfg = Debug IPv6|Win32
		{19578F96-219F-4FBC-93AD-27D79C67D239}.Debug IPv6 Win2000|Win32.ActiveCfg = Debug IPv6|Win32
		{19578F96-219F-4FBC-93AD-27D79C67D239}.Debug IPv6|Win32.ActiveCfg = Debug IPv6|Win32
		{19578F96-219F-4FBC-93AD-27D79C67D239}.Debug|Win32.ActiveCfg = Debug|Win32
		{19578F96-219F-4FBC-93AD-27D79C67D239}.Release IPv6 Win2000|Win32.ActiveCfg = Release|Win32
		{19578F96-219F-4FBC-93AD-27D79C67D239}.Release IPv6 XP|Win32.ActiveCfg = Release|Win32
		{19578F96-219F-4FBC-93AD-27D79C67D239}.Release|Win32.ActiveCfg = Release|Win32
		{9EC5870B-D5DF-43F6-B16E-0D7530996AB8}.DDraw Debug GPL tcltk84|Win32.ActiveCfg = Debug|Win32
		{9EC5870B-D5DF-43F6-B16E-0D7530996AB8}.DDraw Debug GPL tcltk84|Win32.Build.0 = Debug|Win32
		{9EC5870B-D5DF-43F6-B16E-0D7530996AB8}.DDraw Debug tcltk84|Win32.ActiveCfg = Debug|Win32
		{9EC5870B-D5DF-43F6-B16E-0D7530996AB8}.DDraw Debug tcltk84|Win32.Build.0 = Debug|Win32
		{9EC5870B-D5DF-43F6-B16E-0D7530996AB8}.DDraw Relase GPL tcltk84|Win32.ActiveCfg = Debug IPv6|Win32
		{9EC5870B-D5DF-43F6-B16E-0D7530996AB8}.DDraw Relase GPL tcltk84|Win32.Build.0 = Debug IPv6|Win32
		{9EC5870B-D5DF-43F6-B16E-0D7530996AB8}.DDraw Release tcltk84|Win32.ActiveCfg = Release|Win32
		{9EC5870B-D5DF-43F6-B16E-0D7530996AB8}.DDraw Release tcltk84|Win32.Build.0 = Release|Win32
		{9EC5870B-D5DF-43F6-B16E-0D7530996AB8}.Debug IPv6 MSR|Win32.ActiveCfg = Debug IPv6|Win32
		{9EC5870B-D5DF-43F6-B16E-0D7530996AB8}.Debug IPv6 MSR|Win32.Build.0 = Debug IPv6|Win32
		{9EC5870B-D5DF-43F6-B16E-0D7530996AB8}.Debug IPv6 Musica|Win32.ActiveCfg = Debug IPv6|Win32
		{9EC5870B-D5DF-43F6-B16E-0D7530996AB8}.Debug IPv6 Musica|Win32.Build.0 = Debug IPv6|Win32
		{9EC5870B-D5DF-43F6-B16E-0D7530996AB8}.Debug IPv6 Win2000|Win32.ActiveCfg = Debug IPv6|Win32
		{9EC5870B-D5DF-43F6-B16E-0D7530996AB8}.Debug IPv6 Win2000|Win32.Build.0 = Debug IPv6|Win32
		{9EC5870B-D5DF-43F6-B16E-0D7530996AB8}.Debug IPv6|Win32.ActiveCfg = Debug IPv6|Win32
		{9EC5870B-D5DF-43F6-B16E-0D7530996AB8}.Debug IPv6|Win32.Build.0 = Debug IPv6|Win32
		{9EC5870B-D5DF-43F6-B16E-0D7530996AB8}.Debug|Win32.ActiveCfg = Debug|Win32
		{9EC5870B-D5DF-43F6-B16E-0D7530996AB8}.Debug|Win32.Build.0 = Debug|Win32
		{9EC5870B-D5DF-43F6-B16E-0D7530996AB8}.Release IPv6 Win2000|Win32.ActiveCfg = Release|Win32
		{9EC5870B-D5DF-43F6-B16E-0D7530996AB8}.Release IPv6 Win2000|Win32.Build.0 = Release|Win32
		{9EC5870B-D5DF-43F6-B16E-0D7530996AB8}.Release IPv6 XP|Win32.ActiveCfg = Release|Win32
		{9EC5870B-D5DF-43F6-B16E-0D7530996AB8}.Release IPv6 XP|Win32.Build.0 = Release|Win32
		{9EC5870B-D5DF-43F6-B16E-0D7530996AB8}.Release|Win32.ActiveCfg = Release|Win32
		{9EC5870B-D5DF-43F6-B16E-0D7530996AB8}.Release|Win32.Build.0 = Release|Win32
		{7E6BF7A3-34A0-4804-B0B9-44B9430FBFC0}.DDraw Debug GPL tcltk84|Win32.ActiveCfg = Debug|Win32
		{7E6BF7A3-34A0-4804-B0B9-44B9430FBFC0}.DDraw Debug GPL tcltk84|Win32.Build.0 = Debug|Win32
		{7E6BF7A3-34A0-4804-B0B9-44B9430FBFC0}.DDraw Debug tcltk84|Win32.ActiveCfg = Debug|Win32
		{7E6BF7A3-34A0-4804-B0B9-44B9430FBFC0}.DDraw Debug tcltk84|Win32.Build.0 = Debug|Win32
		{7E6BF7A3-34A0-4804-B0B9-44B9430FBFC0}.DDraw Relase GPL tcltk84|Win32.ActiveCfg = Debug|Win32
		{7E6BF7A3-34A0-4804-B0B9-44B9430FBFC0}.DDraw Relase GPL tcltk84|Win32.Build.0 = Debug|Win32
		{7E6BF7A3-34A0-4804-B0B9-44B9430FBFC0}.DDraw Release tcltk84|Win32.ActiveCfg = Release|Win32
		{7E6BF7A3-34A0-4804-B0B9-44B9430FBFC0}.DDraw Release tcltk84|Win32.Build.0 = Release|Win32
		{7E6BF7A3-34A0-4804-B0B9-44B9430FBFC0}.Debug IPv6 MSR|Win32.ActiveCfg = Debug|Win32
		{7E6BF7A3-34A0-4804-B0B9-44B9430FBFC0}.Debug IPv6 MSR|Win32.Build.0 = Debug|Win32
		{7E6BF7A3-34A0-4804-B0B9-44B9430FBFC0}.Debug IPv6 Musica|Win32.ActiveCfg = Debug|Win32
		{7E6BF7A3-34A0-4804-B0B9-44B9430FBFC0}.Debug IPv6 Musica|Win32.Build.0 = Debug|Win32
		{7E6BF7A3-34A0-4804-B0B9-44B9430FBFC0}.Debug IPv6 Win2000|Win32.ActiveCfg = Debug|Win32
		{7E6BF7A3-34A0-4804-B0B9-44B9430FBFC0}.Debug IPv6 Win2000|Win32.Build.0 = Debug|Win32
		{7E6BF7A3-34A0-4804-B0B9-44B9430FBFC0}.Debug IPv6|Win32.ActiveCfg = Debug|Win32
		{7E6BF7A3-34A0-4804-B0B9-44B9430FBFC0}.Debug IPv6|Win32.Build.0 = Debug|Win32
		{7E6BF7A3-34A0-4804-B0B9-44B9430FBFC0}.Debug|Win32.ActiveCfg = Debug|Win32
		{7E6BF7A3-34A0-4804-B0B9-44B9430FBFC0}.Debug|Win32.Build.0 = Debug|Win32
		{7E6BF7A3-34A0-4804-B0B9-44B9430FBFC0}.Release IPv6 Win2000|Win32.ActiveCfg = Release|Win32
		{7E6BF7A3-34A0-4804-B0B9-44B9430FBFC0}.Release IPv6 Win2000|Win32.Build.0 = Release|Win32
		{7E6BF7A3-34A0-4804-B0B9-44B9430FBFC0}.Release IPv6 XP|Win32.ActiveCfg = Release|Win32
		{7E6BF7A3-34A0-4804-B0B9-44B9430FBFC0}.Release IPv6 XP|Win32.Build.0 = Release|Win32
		{7E6BF7A3-34A0-4804-B0B9-44B9430FBFC0}.Release|Win32.ActiveCfg = Release|Win32
		{7E6BF7A3-34A0-4804-B0B9-44B9430FBFC0}.Release|Win32.Build.0 = Release|Win32
		{DF70BBCB-0B11-455C-94D2-944A8A9E779B}.DDraw Debug GPL tcltk84|Win32.ActiveCfg = Debug|Win32
		{DF70BBCB-0B11-455C-94D2-944A8A9E779B}.DDraw Debug GPL tcltk84|Win32.Build.0 = Debug|Win32
		{DF70BBCB-0B11-455C-94D2-944A8A9E779B}.DDraw Debug tcltk84|Win32.ActiveCfg = Debug|Win32
		{DF70BBCB-0B11-455C-94D2-944A8A9E779B}.DDraw Debug tcltk84|Win32.Build.0 = Debug|Win32
		{DF70BBCB-0B11-455C-94D2-944A8A9E779B}.DDraw Relase GPL tcltk84|Win32.ActiveCfg = Debug|Win32
		{DF70BBCB-0B11-455C-94D2-944A8A9E779B}.DDraw Relase GPL tcltk84|Win32.Build.0 = Debug|Win32
		{DF70BBCB-0B11-455C-94D2-944A8A9E779B}.DDraw Release tcltk84|Win32.ActiveCfg = Release|Win32
		{DF70BBCB-0B11-455C-94D2-944A8A9E779B}.DDraw Release tcltk84|Win32.Build.0 = Release|Win32
		{DF70BBCB-0B11-455C-94D2-944A8A9E779B}.Debug IPv6 MSR|Win32.ActiveCfg = Debug|Win32
		{DF70BBCB-0B11-455C-94D2-944A8A9E779B}.Debug IPv6 MSR|Win32.Build.0 = Debug|Win32
		{DF70BBCB-0B11-455C-94D2-944A8A9E779B}.Debug IPv6 Musica|Win32.ActiveCfg = Debug|Win32
		{DF70BBCB-0B11-455C-94D2-944A8A9E779B}.Debug IPv6 Musica|Win32.Build.0 = Debug|Win32
		{DF70BBCB-0B11-455C-94D2-944A8A9E779B}.Debug IPv6 Win2000|Win32.ActiveCfg = Debug|Win32
		{DF70BBCB-0B11-455C-94D2-944A8A9E779B}.Debug IPv6 Win2000|Win32.Build.0 = Debug|Win32
		{DF70BBCB-0B11-455C-94D2-944A8A9E779B}.Debug IPv6|Win32.ActiveCfg = Debug|Win32
		{DF70BBCB-0B11-455C-94D2-944A8A9E779B}.Debug IPv6|Win32.Build.0 = Debug|Win32
		{DF70BBCB-0B11-455C-94D2-944A8A9E779B}.Debug|Win32.ActiveCfg = Debug|Win32
		{DF70BBCB-0B11-455C-94D2-944A8A9E779B}.Debug|Win32.Build.0 = Debug|Win32
		{DF70BBCB-0B11-455C-94D2-944A8A9E779B}.Release IPv6 Win2000|Win32.ActiveCfg = Release|Win32
		{DF70BBCB-0B11-455C-94D2-944A8A9E779B}.Release IPv6 Win2000|Win32.Build.0 = Release|Win32
		{DF70BBCB-0B11-455C-94D2-944A8A9E779B}.Release IPv6 XP|Win32.ActiveCfg = Release|Win32
		{DF70BBCB-0B11-455C-94D2-944A8A9E779B}.Release IPv6 XP|Win32.Build.0 = Release|Win32
		{DF70BBCB-0B11-455C-94D2-944A8A9E779B}.Release|Win32.ActiveCfg = Release|Win32
		{DF70BBCB-0B11-455C-94D2-944A8A9E779B}.Release|Win32.Build.0 = Release|Win32
		{F94A1268-1CDA-464F-AD75-636A1F1A629C}.DDraw Debug GPL tcltk84|Win32.ActiveCfg = Debug|Win32
		{F94A1268-1CDA-464F-AD75-636A1F1A629C}.DDraw Debug GPL tcltk84|Win32.Build.0 = Debug|Win32
		{F94A1268-1CDA-464F-AD75-636A1F1A629C}.DDraw Debug tcltk84|Win32.ActiveCfg = Debug|Win32
		{F94A1268-1CDA-464F-AD75-636A1F1A629C}.DDraw Debug tcltk84|Win32.Build.0 = Debug|Win32
		{F94A1268-1CDA-464F-AD75-636A1F1A629C}.DDraw Relase GPL tcltk84|Win32.ActiveCfg = Debug|Win32
		{F94A1268-1CDA-464F-AD75-636A1F1A629C}.DDraw Relase GPL tcltk84|Win32.Build.0 = Debug|Win32
		{F94A1268-1CDA-464F-AD75-636A1F1A629C}.DDraw Release tcltk84|Win32.ActiveCfg = Release|Win32
		{F94A1268-1CDA-464F-AD75-636A1F1A629C}.DDraw Release tcltk84|Win32.Build.0 = Release|Win32
		{F94A1268-1CDA-464F-AD75-636A1F1A629C}.Debug IPv6 MSR|Win32.ActiveCfg = Debug|Win32
		{F94A1268-1CDA-464F-AD75-636A1F1A629C}.Debug IPv6 MSR|Win32.Build.0 = Debug|Win32
		{F94A1268-1CDA-464F-AD75-636A1F1A629C}.Debug IPv6 Musica|Win32.ActiveCfg = Debug|Win32
		{F94A1268-1CDA-464F-AD75-636A1F1A629C}.Debug IPv6 Musica|Win32.Build.0 = Debug|Win32
		{F94A1268-1CDA-464F-AD75-636A1F1A629C}.Debug IPv6 Win2000|Win32.ActiveCfg = Debug|Win32
		{F94A1268-1CDA-464F-AD75-636A1F1A629C}.Debug IPv6 Win2000|Win32.Build.0 = Debug|Win32
		{F94A1268-1CDA-464F-AD75-636A1F1A629C}.Debug IPv6|Win32.ActiveCfg = Debug|Win32
		{F94A1268-1CDA-464F-AD75-636A1F1A629C}.Debug IPv6|Win32.Build.0 = Debug|Win32
		{F94A1268-1CDA-464F-AD75-636A1F1A629C}.Debug|Win32.ActiveCfg = Debug|Win32
		{F94A1268-1CDA-464F-AD75-636A1F1A629C}.Debug|Win32.Build.0 = Debug|Win32
		{F94A1268-1CDA-464F-AD75-636A1F1A629C}.Release IPv6 Win2000|Win32.ActiveCfg = Release|Win32
		{F94A1268-1CDA-464F-AD75-636A1F1A629C}.Release IPv6 Win2000|Win32.Build.0 = Release|Win32
		{F94A1268-1CDA-464F-AD75-636A1F1A629C}.Release IPv6 XP|Win32.ActiveCfg = Release|Win32
		{F94A1268-1CDA-464F-AD75-636A1F1A629C}.Release IPv6 XP|Win32.Build.0 = Release|Win32
		{F94A1268-1CDA-464F-AD75-636A1F1A629C}.Release|Win32.ActiveCfg = Release|Win32
		{F94A1268-1CDA-464F-AD75-636A1F1A629C}.Release|Win32.Build.0 = Release|Win32
		{F200EA6E-B37E-41E7-A6E6-5892C0609053}.DDraw Debug GPL tcltk84|Win32.ActiveCfg = DDraw Debug GPL tcltk84|Win32
		{F200EA6E-B37E-41E7-A6E6-5892C0609053}.DDraw Debug GPL tcltk84|Win32.Build.0 = DDraw Debug GPL tcltk84|Win32
		{F200EA6E-B37E-41E7-A6E6-5892C0609053}.DDraw Debug tcltk84|Win32.ActiveCfg = DDraw Debug tcltk84|Win32
		{F200EA6E-B37E-41E7-A6E6-5892C0609053}.DDraw Debug tcltk84|Win32.Build.0 = DDraw Debug tcltk84|Win32
		{F200EA6E-B37E-41E7-A6E6-5892C0609053}.DDraw Relase GPL tcltk84|Win32.ActiveCfg = DDraw Relase GPL tcltk84|Win32
		{F200EA6E-B37E-41E7-A6E6-5892C0609053}.DDraw Relase GPL tcltk84|Win32.Build.0 = DDraw Relase GPL tcltk84|Win32
		{F200EA6E-B37E-41E7-A6E6-5892C0609053}.DDraw Release tcltk84|Win32.ActiveCfg = DDraw Release tcltk84|Win32
		{F200EA6E-B37E-41E7-A6E6-5892C0609053}.DDraw Release tcltk84|Win32.Build.0 = DDraw Release tcltk84|Win32
		{F200EA6E-B37E-41E7-A6E6-5892C0609053}.Debug IPv6 MSR|Win32.ActiveCfg = Debug IPv6 MSR|Win32
		{F200EA6E-B37E-41E7-A6E6-5892C0609053}.Debug IPv6 MSR|Win32.Build.0 = Debug IPv6 MSR|Win32
		{F200EA6E-B37E-41E7-A6E6-5892C0609053}.Debug IPv6 Musica|Win32.ActiveCfg = Debug IPv6 Musica|Win32
		{F200EA6E-B37E-41E7-A6E6-5892C0609053}.Debug IPv6 Musica|Win32.Build.0 = Debug IPv6 Musica|Win32
		{F200EA6E-B37E-41E7-A6E6-5892C0609053}.Debug IPv6 Win2000|Win32.ActiveCfg = Debug IPv6 Win2000|Win32
		{F200EA6E-B37E-41E7-A6E6-5892C0609053}.Debug IPv6 Win2000|Win32.Build.0 = Debug IPv6 Win2000|Win32
		{F200EA6E-B37E-41E7-A6E6-5892C0609053}.Debug IPv6|Win32.ActiveCfg = Debug IPv6 Win2000|Win32
		{F200EA6E-B37E-41E7-A6E6-5892C0609053}.Debug IPv6|Win32.Build.0 = Debug IPv6 Win2000|Win32
		{F200EA6E-B37E-41E7-A6E6-5892C0609053}.Debug|Win32.ActiveCfg = Debug|Win32
		{F200EA6E-B37E-41E7-A6E6-5892C0609053}.Debug|Win32.Build.0 = Debug|Win32
		{F200EA6E-B37E-41E7-A6E6-5892C0609053}.Release IPv6 Win2000|Win32.ActiveCfg = Release|Win32
		{F200EA6E-B37E-41E7-A6E6-5892C0609053}.Release IPv6 Win2000|Win32.Build.0 = Release|Win32
		{F200EA6E-B37E-41E7-A6E6-5892C0609053}.Release IPv6 XP|Win32.ActiveCfg = Release|Win32
		{F200EA6E-B37E-41E7-A6E6-5892C0609053}.Release IPv6 XP|Win32.Build.0 = Release|Win32
		{F200EA6E-B37E-41E7-A6E6-5892C0609053}.Release|Win32.ActiveCfg = Release|Win32
		{F200EA6E-B37E-41E7-A6E6-5892C0609053}.Release|Win32.Build.0 = Release|Win32
	EndGlobalSection
	GlobalSection(SolutionProperties) = preSolution
		HideSolutionNode = FALSE
	EndGlobalSection
EndGlobal
